# This file is automatically @generated by Cargo.
# It is not intended for manual editing.
version = 4

[[package]]
name = "linklet-adapters"
version = "0.1.0"
dependencies = [
 "linklet-core",
]

[[package]]
name = "linklet-agent"
version = "0.1.0"
dependencies = [
 "linklet-core",
]

[[package]]
name = "linklet-cli"
version = "0.1.0"
dependencies = [
 "linklet-adapters",
 "linklet-client",
 "linklet-core",
]

[[package]]
name = "linklet-client"
version = "0.1.0"
dependencies = [
 "linklet-core",
]

[[package]]
name = "linklet-core"
version = "0.1.0"
